name: Update apko lockfiles

on:
  schedule:
    - cron: "0 6 * * 1"
  workflow_dispatch:

permissions: {}

jobs:
  update-lockfiles:
    name: apko lock --update
    runs-on: ubuntu-latest
    timeout-minutes: 15
    # Environment `apko-lock` carries a `main`-only branch allowlist so the
    # schedule-triggered write permissions (contents:write + pull-requests:write)
    # are gated on the deployment ref being main. Configured via
    # scripts/configure_environments.sh (see docs/reference/github-environments.md).
    environment: apko-lock
    permissions:
      contents: write
      pull-requests: write
    steps:
      - uses: actions/checkout@de0fac2e4500dabe0009e67214ff5f5447ce83dd # v6
        with:
          persist-credentials: false

      - name: Set up apko
        uses: ./.github/actions/setup-apko
        with:
          # renovate: datasource=github-releases depName=chainguard-dev/apko
          version: v1.2.7

      - name: Update lockfiles
        run: |
          for config in docker/*/apko.yaml; do
            echo "Updating lockfile for ${config}..."
            apko lock --update "${config}"
          done

      - name: Check for changes
        id: diff
        run: |
          if git diff --quiet -- 'docker/*/apko.lock.json'; then
            echo "changed=false" >> "$GITHUB_OUTPUT"
          else
            echo "changed=true" >> "$GITHUB_OUTPUT"
          fi

      - name: Create PR
        if: steps.diff.outputs.changed == 'true'
        uses: peter-evans/create-pull-request@5f6978faf089d4d20b00c7766989d076bb2fc7f1 # v8.1.1
        with:
          commit-message: "ci: update apko lockfiles"
          # Route the commit through the Contents API so it is signed
          # by GitHub (keeps the PR free of Unverified badges and
          # matches the signature pattern used elsewhere in CI).
          sign-commits: true
          title: "ci: update apko lockfiles"
          body: |
            Automated weekly update of apko lockfiles via `.github/workflows/apko-lock.yml`.

            Wolfi package digests and transitive dependencies have been refreshed.
          branch: ci/apko-lock-update
          labels: |
            dependencies
            type:ci
            scope:docker
          # peter-evans/create-pull-request' `reviewers` input only
          # accepts user logins; passing an org name produces a 422
          # "Could not resolve to a node" from GitHub's review-request
          # API. Gate on owner.type == 'User' so an org-owned fork
          # falls back to no reviewer assignment (the PR still opens,
          # just without an automatic reviewer). User-owned repos --
          # including the upstream `Aureliolo/synthorg` -- keep the
          # existing behaviour. To request review from a team in an
          # org-owned fork, change to `team-reviewers: <team-slug>` here.
          reviewers: ${{ github.event.repository.owner.type == 'User' && github.repository_owner || '' }}

  report-failure:
    name: Open / update tracking issue on schedule failure
    needs: update-lockfiles
    # Only the schedule path gets the issue sink. Manual `workflow_dispatch`
    # failures from a debugging branch shouldn't open repo-wide CI-health
    # issues; the operator already sees the run output directly.
    if: >-
      always()
      && github.event_name == 'schedule'
      && needs.update-lockfiles.result != 'success'
      && needs.update-lockfiles.result != 'skipped'
    runs-on: ubuntu-latest
    timeout-minutes: 5
    permissions:
      contents: read    # actions/checkout (to load .github/actions/post-tracking-issue)
      issues: write     # gh issue create / comment / pin
    steps:
      - uses: actions/checkout@de0fac2e4500dabe0009e67214ff5f5447ce83dd # v6
        with:
          persist-credentials: false

      - name: Compose body
        id: body
        env:
          RESULT: ${{ needs.update-lockfiles.result }}
          RUN_URL: ${{ github.server_url }}/${{ github.repository }}/actions/runs/${{ github.run_id }}
        run: |
          set -euo pipefail
          {
            echo 'body<<TRACKING_ISSUE_BODY_EOF'
            cat <<EOF
          \`apko lock --update\` workflow failed at $(date -u +%Y-%m-%dT%H:%M:%SZ) with result \`$RESULT\`.

          Run: ${RUN_URL}

          Likely cause: a Wolfi package was renamed/removed, an apko CLI
          breaking change, or the \`peter-evans/create-pull-request\`
          action could not push (App token / branch protection drift).
          When this stays red for >1 weekly cycle, base images go stale.
          EOF
            echo 'TRACKING_ISSUE_BODY_EOF'
          } >> "$GITHUB_OUTPUT"

      - uses: ./.github/actions/post-tracking-issue
        with:
          title: 'apko lockfile update regression'
          labels: 'automation:ci-health,type:ci,prio:medium'
          body: ${{ steps.body.outputs.body }}
          pin: 'false'
          gh-token: ${{ github.token }}
